// !$*UTF8*$!
{
	archiveVersion = 1;
	classes = {
	};
	objectVersion = 50;
	objects = {

/* Begin PBXBuildFile section */
		2D4F673926E613B2005B216E /* PageVC.swift in Sources */ = {isa = PBXBuildFile; fileRef = 2D4F673826E613B2005B216E /* PageVC.swift */; };
		2D4F673C26E613FE005B216E /* ImageVC.swift in Sources */ = {isa = PBXBuildFile; fileRef = 2D4F673B26E613FE005B216E /* ImageVC.swift */; };
		2D7041FB2701DF2A00A30F8C /* TextView.swift in Sources */ = {isa = PBXBuildFile; fileRef = 2D7041FA2701DF2A00A30F8C /* TextView.swift */; };
		2D7041FE2703058200A30F8C /* TextField.swift in Sources */ = {isa = PBXBuildFile; fileRef = 2D7041FD2703058200A30F8C /* TextField.swift */; };
		2D79672826F5E8E900B74419 /* MenuViewController.swift in Sources */ = {isa = PBXBuildFile; fileRef = 2D79672726F5E8E900B74419 /* MenuViewController.swift */; };
		2D9FD07826EF7BE300335B7B /* Authorization.swift in Sources */ = {isa = PBXBuildFile; fileRef = 2D9FD07726EF7BE300335B7B /* Authorization.swift */; };
		2DA72AD826F6621900A532FA /* TabBarController.swift in Sources */ = {isa = PBXBuildFile; fileRef = 2DA72AD726F6621900A532FA /* TabBarController.swift */; };
		2DA72ADB26F730C100A532FA /* CharacterViewController.swift in Sources */ = {isa = PBXBuildFile; fileRef = 2DA72ADA26F730C100A532FA /* CharacterViewController.swift */; };
		2DA72ADE26F7310C00A532FA /* LocationViewController.swift in Sources */ = {isa = PBXBuildFile; fileRef = 2DA72ADD26F7310C00A532FA /* LocationViewController.swift */; };
		2DC4CB232700901A00C42411 /* PageControll.swift in Sources */ = {isa = PBXBuildFile; fileRef = 2DC4CB222700901A00C42411 /* PageControll.swift */; };
		2DC4CB2A2700931B00C42411 /* Text.swift in Sources */ = {isa = PBXBuildFile; fileRef = 2DC4CB292700931B00C42411 /* Text.swift */; };
		2DD544EB26E12DAB00262BDA /* AppDelegate.swift in Sources */ = {isa = PBXBuildFile; fileRef = 2DD544EA26E12DAB00262BDA /* AppDelegate.swift */; };
		2DD544ED26E12DAB00262BDA /* SceneDelegate.swift in Sources */ = {isa = PBXBuildFile; fileRef = 2DD544EC26E12DAB00262BDA /* SceneDelegate.swift */; };
		2DD544EF26E12DAB00262BDA /* WelcomeViewController.swift in Sources */ = {isa = PBXBuildFile; fileRef = 2DD544EE26E12DAB00262BDA /* WelcomeViewController.swift */; };
		2DD544F226E12DAB00262BDA /* Main.storyboard in Resources */ = {isa = PBXBuildFile; fileRef = 2DD544F026E12DAB00262BDA /* Main.storyboard */; };
		2DD544F526E12DAB00262BDA /* RickAndMorty.xcdatamodeld in Sources */ = {isa = PBXBuildFile; fileRef = 2DD544F326E12DAB00262BDA /* RickAndMorty.xcdatamodeld */; };
		2DD544F726E12DB000262BDA /* Assets.xcassets in Resources */ = {isa = PBXBuildFile; fileRef = 2DD544F626E12DB000262BDA /* Assets.xcassets */; };
		2DD544FA26E12DB000262BDA /* LaunchScreen.storyboard in Resources */ = {isa = PBXBuildFile; fileRef = 2DD544F826E12DB000262BDA /* LaunchScreen.storyboard */; };
		2DD7704726F3624600248941 /* MainBurgerViewController.swift in Sources */ = {isa = PBXBuildFile; fileRef = 2DD7704626F3624500248941 /* MainBurgerViewController.swift */; };
		4607FDA01FEEE2E45C460192 /* Pods_RickAndMorty.framework in Frameworks */ = {isa = PBXBuildFile; fileRef = BE50BDF511C6412290258621 /* Pods_RickAndMorty.framework */; };
/* End PBXBuildFile section */

/* Begin PBXFileReference section */
		2D4F673826E613B2005B216E /* PageVC.swift */ = {isa = PBXFileReference; lastKnownFileType = sourcecode.swift; path = PageVC.swift; sourceTree = "<group>"; };
		2D4F673B26E613FE005B216E /* ImageVC.swift */ = {isa = PBXFileReference; lastKnownFileType = sourcecode.swift; path = ImageVC.swift; sourceTree = "<group>"; };
		2D7041FA2701DF2A00A30F8C /* TextView.swift */ = {isa = PBXFileReference; lastKnownFileType = sourcecode.swift; path = TextView.swift; sourceTree = "<group>"; };
		2D7041FD2703058200A30F8C /* TextField.swift */ = {isa = PBXFileReference; lastKnownFileType = sourcecode.swift; path = TextField.swift; sourceTree = "<group>"; };
		2D79672726F5E8E900B74419 /* MenuViewController.swift */ = {isa = PBXFileReference; lastKnownFileType = sourcecode.swift; path = MenuViewController.swift; sourceTree = "<group>"; };
		2D9FD07726EF7BE300335B7B /* Authorization.swift */ = {isa = PBXFileReference; lastKnownFileType = sourcecode.swift; path = Authorization.swift; sourceTree = "<group>"; };
		2DA72AD726F6621900A532FA /* TabBarController.swift */ = {isa = PBXFileReference; lastKnownFileType = sourcecode.swift; path = TabBarController.swift; sourceTree = "<group>"; };
		2DA72ADA26F730C100A532FA /* CharacterViewController.swift */ = {isa = PBXFileReference; lastKnownFileType = sourcecode.swift; path = CharacterViewController.swift; sourceTree = "<group>"; };
		2DA72ADD26F7310C00A532FA /* LocationViewController.swift */ = {isa = PBXFileReference; lastKnownFileType = sourcecode.swift; path = LocationViewController.swift; sourceTree = "<group>"; };
		2DC4CB222700901A00C42411 /* PageControll.swift */ = {isa = PBXFileReference; lastKnownFileType = sourcecode.swift; path = PageControll.swift; sourceTree = "<group>"; };
		2DC4CB292700931B00C42411 /* Text.swift */ = {isa = PBXFileReference; lastKnownFileType = sourcecode.swift; path = Text.swift; sourceTree = "<group>"; };
		2DD544E726E12DAB00262BDA /* RickAndMorty.app */ = {isa = PBXFileReference; explicitFileType = wrapper.application; includeInIndex = 0; path = RickAndMorty.app; sourceTree = BUILT_PRODUCTS_DIR; };
		2DD544EA26E12DAB00262BDA /* AppDelegate.swift */ = {isa = PBXFileReference; lastKnownFileType = sourcecode.swift; path = AppDelegate.swift; sourceTree = "<group>"; };
		2DD544EC26E12DAB00262BDA /* SceneDelegate.swift */ = {isa = PBXFileReference; lastKnownFileType = sourcecode.swift; path = SceneDelegate.swift; sourceTree = "<group>"; };
		2DD544EE26E12DAB00262BDA /* WelcomeViewController.swift */ = {isa = PBXFileReference; lastKnownFileType = sourcecode.swift; path = WelcomeViewController.swift; sourceTree = "<group>"; };
		2DD544F126E12DAB00262BDA /* Base */ = {isa = PBXFileReference; lastKnownFileType = file.storyboard; name = Base; path = Base.lproj/Main.storyboard; sourceTree = "<group>"; };
		2DD544F426E12DAB00262BDA /* RickAndMorty.xcdatamodel */ = {isa = PBXFileReference; lastKnownFileType = wrapper.xcdatamodel; path = RickAndMorty.xcdatamodel; sourceTree = "<group>"; };
		2DD544F626E12DB000262BDA /* Assets.xcassets */ = {isa = PBXFileReference; lastKnownFileType = folder.assetcatalog; path = Assets.xcassets; sourceTree = "<group>"; };
		2DD544F926E12DB000262BDA /* Base */ = {isa = PBXFileReference; lastKnownFileType = file.storyboard; name = Base; path = Base.lproj/LaunchScreen.storyboard; sourceTree = "<group>"; };
		2DD544FB26E12DB000262BDA /* Info.plist */ = {isa = PBXFileReference; lastKnownFileType = text.plist.xml; path = Info.plist; sourceTree = "<group>"; };
		2DD7704626F3624500248941 /* MainBurgerViewController.swift */ = {isa = PBXFileReference; lastKnownFileType = sourcecode.swift; path = MainBurgerViewController.swift; sourceTree = "<group>"; };
		569EFC60A481ABCD89AEB4AB /* Pods-RickAndMorty.debug.xcconfig */ = {isa = PBXFileReference; includeInIndex = 1; lastKnownFileType = text.xcconfig; name = "Pods-RickAndMorty.debug.xcconfig"; path = "Target Support Files/Pods-RickAndMorty/Pods-RickAndMorty.debug.xcconfig"; sourceTree = "<group>"; };
		BE50BDF511C6412290258621 /* Pods_RickAndMorty.framework */ = {isa = PBXFileReference; explicitFileType = wrapper.framework; includeInIndex = 0; path = Pods_RickAndMorty.framework; sourceTree = BUILT_PRODUCTS_DIR; };
		D0937E0419D07697A4841A8F /* Pods-RickAndMorty.release.xcconfig */ = {isa = PBXFileReference; includeInIndex = 1; lastKnownFileType = text.xcconfig; name = "Pods-RickAndMorty.release.xcconfig"; path = "Target Support Files/Pods-RickAndMorty/Pods-RickAndMorty.release.xcconfig"; sourceTree = "<group>"; };
/* End PBXFileReference section */

/* Begin PBXFrameworksBuildPhase section */
		2DD544E426E12DAB00262BDA /* Frameworks */ = {
			isa = PBXFrameworksBuildPhase;
			buildActionMask = 2147483647;
			files = (
				4607FDA01FEEE2E45C460192 /* Pods_RickAndMorty.framework in Frameworks */,
			);
			runOnlyForDeploymentPostprocessing = 0;
		};
/* End PBXFrameworksBuildPhase section */

/* Begin PBXGroup section */
		2D7042002703058B00A30F8C /* Extension */ = {
			isa = PBXGroup;
			children = (
				2D7041FD2703058200A30F8C /* TextField.swift */,
			);
			path = Extension;
			sourceTree = "<group>";
		};
		2D71662D26EF7DDB00D298DC /* Authorization */ = {
			isa = PBXGroup;
			children = (
				2D7042002703058B00A30F8C /* Extension */,
				2D9FD07726EF7BE300335B7B /* Authorization.swift */,
			);
			path = Authorization;
			sourceTree = "<group>";
		};
		2D9FD06826EF673700335B7B /* Present */ = {
			isa = PBXGroup;
			children = (
				2DD544F026E12DAB00262BDA /* Main.storyboard */,
				2DD544F826E12DB000262BDA /* LaunchScreen.storyboard */,
			);
			path = Present;
			sourceTree = "<group>";
		};
		2D9FD06926EF67BB00335B7B /* View */ = {
			isa = PBXGroup;
			children = (
				2DD7703126F32E0900248941 /* BurgerMenu */,
				2D71662D26EF7DDB00D298DC /* Authorization */,
				2D9FD07526EF7B4300335B7B /* Welcome Screen */,
			);
			path = View;
			sourceTree = "<group>";
		};
		2D9FD07526EF7B4300335B7B /* Welcome Screen */ = {
			isa = PBXGroup;
			children = (
				2DC4CB252700901F00C42411 /* Extensions */,
				2DD544EE26E12DAB00262BDA /* WelcomeViewController.swift */,
				2D4F673B26E613FE005B216E /* ImageVC.swift */,
				2D4F673826E613B2005B216E /* PageVC.swift */,
			);
			path = "Welcome Screen";
			sourceTree = "<group>";
		};
		2DC4CB252700901F00C42411 /* Extensions */ = {
			isa = PBXGroup;
			children = (
				2DC4CB222700901A00C42411 /* PageControll.swift */,
				2DC4CB292700931B00C42411 /* Text.swift */,
				2D7041FA2701DF2A00A30F8C /* TextView.swift */,
			);
			path = Extensions;
			sourceTree = "<group>";
		};
		2DD544DE26E12DAB00262BDA = {
			isa = PBXGroup;
			children = (
				2DD544E926E12DAB00262BDA /* RickAndMorty */,
				2DD544E826E12DAB00262BDA /* Products */,
				ABFD177C822C05AE360D516A /* Pods */,
				590C6FBE6ED3487F046512CC /* Frameworks */,
			);
			sourceTree = "<group>";
		};
		2DD544E826E12DAB00262BDA /* Products */ = {
			isa = PBXGroup;
			children = (
				2DD544E726E12DAB00262BDA /* RickAndMorty.app */,
			);
			name = Products;
			sourceTree = "<group>";
		};
		2DD544E926E12DAB00262BDA /* RickAndMorty */ = {
			isa = PBXGroup;
			children = (
				2DF973A226F26AFC00A53C66 /* Model */,
				2D9FD06926EF67BB00335B7B /* View */,
				2D9FD06826EF673700335B7B /* Present */,
				2DD544EA26E12DAB00262BDA /* AppDelegate.swift */,
				2DD544EC26E12DAB00262BDA /* SceneDelegate.swift */,
				2DD544F626E12DB000262BDA /* Assets.xcassets */,
				2DD544FB26E12DB000262BDA /* Info.plist */,
				2DD544F326E12DAB00262BDA /* RickAndMorty.xcdatamodeld */,
			);
			path = RickAndMorty;
			sourceTree = "<group>";
		};
		2DD7703126F32E0900248941 /* BurgerMenu */ = {
			isa = PBXGroup;
			children = (
				2DD7704626F3624500248941 /* MainBurgerViewController.swift */,
				2DA72ADD26F7310C00A532FA /* LocationViewController.swift */,
				2DA72ADA26F730C100A532FA /* CharacterViewController.swift */,
				2DA72AD726F6621900A532FA /* TabBarController.swift */,
				2D79672726F5E8E900B74419 /* MenuViewController.swift */,
			);
			path = BurgerMenu;
			sourceTree = "<group>";
		};
		2DF973A226F26AFC00A53C66 /* Model */ = {
			isa = PBXGroup;
			children = (
			);
			path = Model;
			sourceTree = "<group>";
		};
		590C6FBE6ED3487F046512CC /* Frameworks */ = {
			isa = PBXGroup;
			children = (
				BE50BDF511C6412290258621 /* Pods_RickAndMorty.framework */,
			);
			name = Frameworks;
			sourceTree = "<group>";
		};
		ABFD177C822C05AE360D516A /* Pods */ = {
			isa = PBXGroup;
			children = (
				569EFC60A481ABCD89AEB4AB /* Pods-RickAndMorty.debug.xcconfig */,
				D0937E0419D07697A4841A8F /* Pods-RickAndMorty.release.xcconfig */,
			);
			path = Pods;
			sourceTree = "<group>";
		};
/* End PBXGroup section */

/* Begin PBXNativeTarget section */
		2DD544E626E12DAB00262BDA /* RickAndMorty */ = {
			isa = PBXNativeTarget;
			buildConfigurationList = 2DD544FE26E12DB000262BDA /* Build configuration list for PBXNativeTarget "RickAndMorty" */;
			buildPhases = (
				E4319DDE57EF2891468BE78D /* [CP] Check Pods Manifest.lock */,
				2DD5450526E12EB700262BDA /* SwiftLint */,
				2DD544E326E12DAB00262BDA /* Sources */,
				2DD544E426E12DAB00262BDA /* Frameworks */,
				2DD544E526E12DAB00262BDA /* Resources */,
			);
			buildRules = (
			);
			dependencies = (
			);
			name = RickAndMorty;
			productName = RickAndMorty;
			productReference = 2DD544E726E12DAB00262BDA /* RickAndMorty.app */;
			productType = "com.apple.product-type.application";
		};
/* End PBXNativeTarget section */

/* Begin PBXProject section */
		2DD544DF26E12DAB00262BDA /* Project object */ = {
			isa = PBXProject;
			attributes = {
				LastSwiftUpdateCheck = 1240;
				LastUpgradeCheck = 1240;
				TargetAttributes = {
					2DD544E626E12DAB00262BDA = {
						CreatedOnToolsVersion = 12.4;
					};
				};
			};
			buildConfigurationList = 2DD544E226E12DAB00262BDA /* Build configuration list for PBXProject "RickAndMorty" */;
			compatibilityVersion = "Xcode 9.3";
			developmentRegion = en;
			hasScannedForEncodings = 0;
			knownRegions = (
				en,
				Base,
			);
			mainGroup = 2DD544DE26E12DAB00262BDA;
			productRefGroup = 2DD544E826E12DAB00262BDA /* Products */;
			projectDirPath = "";
			projectRoot = "";
			targets = (
				2DD544E626E12DAB00262BDA /* RickAndMorty */,
			);
		};
/* End PBXProject section */

/* Begin PBXResourcesBuildPhase section */
		2DD544E526E12DAB00262BDA /* Resources */ = {
			isa = PBXResourcesBuildPhase;
			buildActionMask = 2147483647;
			files = (
				2DD544FA26E12DB000262BDA /* LaunchScreen.storyboard in Resources */,
				2DD544F726E12DB000262BDA /* Assets.xcassets in Resources */,
				2DD544F226E12DAB00262BDA /* Main.storyboard in Resources */,
			);
			runOnlyForDeploymentPostprocessing = 0;
		};
/* End PBXResourcesBuildPhase section */

/* Begin PBXShellScriptBuildPhase section */
		2DD5450526E12EB700262BDA /* SwiftLint */ = {
			isa = PBXShellScriptBuildPhase;
			buildActionMask = 2147483647;
			files = (
			);
			inputFileListPaths = (
			);
			inputPaths = (
			);
			name = SwiftLint;
			outputFileListPaths = (
			);
			outputPaths = (
			);
			runOnlyForDeploymentPostprocessing = 0;
			shellPath = /bin/sh;
			shellScript = "\"${PODS_ROOT}/SwiftLint/swiftlint\"\n";
		};
		E4319DDE57EF2891468BE78D /* [CP] Check Pods Manifest.lock */ = {
			isa = PBXShellScriptBuildPhase;
			buildActionMask = 2147483647;
			files = (
			);
			inputFileListPaths = (
			);
			inputPaths = (
				"${PODS_PODFILE_DIR_PATH}/Podfile.lock",
				"${PODS_ROOT}/Manifest.lock",
			);
			name = "[CP] Check Pods Manifest.lock";
			outputFileListPaths = (
			);
			outputPaths = (
				"$(DERIVED_FILE_DIR)/Pods-RickAndMorty-checkManifestLockResult.txt",
			);
			runOnlyForDeploymentPostprocessing = 0;
			shellPath = /bin/sh;
			shellScript = "diff \"${PODS_PODFILE_DIR_PATH}/Podfile.lock\" \"${PODS_ROOT}/Manifest.lock\" > /dev/null\nif [ $? != 0 ] ; then\n    # print error to STDERR\n    echo \"error: The sandbox is not in sync with the Podfile.lock. Run 'pod install' or update your CocoaPods installation.\" >&2\n    exit 1\nfi\n# This output is used by Xcode 'outputs' to avoid re-running this script phase.\necho \"SUCCESS\" > \"${SCRIPT_OUTPUT_FILE_0}\"\n";
			showEnvVarsInLog = 0;
		};
/* End PBXShellScriptBuildPhase section */

/* Begin PBXSourcesBuildPhase section */
		2DD544E326E12DAB00262BDA /* Sources */ = {
			isa = PBXSourcesBuildPhase;
			buildActionMask = 2147483647;
			files = (
				2DA72ADB26F730C100A532FA /* CharacterViewController.swift in Sources */,
				2DD544F526E12DAB00262BDA /* RickAndMorty.xcdatamodeld in Sources */,
				2DD7704726F3624600248941 /* MainBurgerViewController.swift in Sources */,
				2D7041FE2703058200A30F8C /* TextField.swift in Sources */,
				2DA72ADE26F7310C00A532FA /* LocationViewController.swift in Sources */,
				2DC4CB232700901A00C42411 /* PageControll.swift in Sources */,
				2D4F673926E613B2005B216E /* PageVC.swift in Sources */,
				2DA72AD826F6621900A532FA /* TabBarController.swift in Sources */,
				2D4F673C26E613FE005B216E /* ImageVC.swift in Sources */,
				2D79672826F5E8E900B74419 /* MenuViewController.swift in Sources */,
				2D7041FB2701DF2A00A30F8C /* TextView.swift in Sources */,
				2DD544EF26E12DAB00262BDA /* WelcomeViewController.swift in Sources */,
				2DC4CB2A2700931B00C42411 /* Text.swift in Sources */,
				2DD544EB26E12DAB00262BDA /* AppDelegate.swift in Sources */,
				2D9FD07826EF7BE300335B7B /* Authorization.swift in Sources */,
				2DD544ED26E12DAB00262BDA /* SceneDelegate.swift in Sources */,
			);
			runOnlyForDeploymentPostprocessing = 0;
		};
/* End PBXSourcesBuildPhase section */

/* Begin PBXVariantGroup section */
		2DD544F026E12DAB00262BDA /* Main.storyboard */ = {
			isa = PBXVariantGroup;
			children = (
				2DD544F126E12DAB00262BDA /* Base */,
			);
			name = Main.storyboard;
			sourceTree = "<group>";
		};
		2DD544F826E12DB000262BDA /* LaunchScreen.storyboard */ = {
			isa = PBXVariantGroup;
			children = (
				2DD544F926E12DB000262BDA /* Base */,
			);
			name = LaunchScreen.storyboard;
			sourceTree = "<group>";
		};
/* End PBXVariantGroup section */

/* Begin XCBuildConfiguration section */
		2DD544FC26E12DB000262BDA /* Debug */ = {
			isa = XCBuildConfiguration;
			buildSettings = {
				ALWAYS_SEARCH_USER_PATHS = NO;
				CLANG_ANALYZER_NONNULL = YES;
				CLANG_ANALYZER_NUMBER_OBJECT_CONVERSION = YES_AGGRESSIVE;
				CLANG_CXX_LANGUAGE_STANDARD = "gnu++14";
				CLANG_CXX_LIBRARY = "libc++";
				CLANG_ENABLE_MODULES = YES;
				CLANG_ENABLE_OBJC_ARC = YES;
				CLANG_ENABLE_OBJC_WEAK = YES;
				CLANG_WARN_BLOCK_CAPTURE_AUTORELEASING = YES;
				CLANG_WARN_BOOL_CONVERSION = YES;
				CLANG_WARN_COMMA = YES;
				CLANG_WARN_CONSTANT_CONVERSION = YES;
				CLANG_WARN_DEPRECATED_OBJC_IMPLEMENTATIONS = YES;
				CLANG_WARN_DIRECT_OBJC_ISA_USAGE = YES_ERROR;
				CLANG_WARN_DOCUMENTATION_COMMENTS = YES;
				CLANG_WARN_EMPTY_BODY = YES;
				CLANG_WARN_ENUM_CONVERSION = YES;
				CLANG_WARN_INFINITE_RECURSION = YES;
				CLANG_WARN_INT_CONVERSION = YES;
				CLANG_WARN_NON_LITERAL_NULL_CONVERSION = YES;
				CLANG_WARN_OBJC_IMPLICIT_RETAIN_SELF = YES;
				CLANG_WARN_OBJC_LITERAL_CONVERSION = YES;
				CLANG_WARN_OBJC_ROOT_CLASS = YES_ERROR;
				CLANG_WARN_QUOTED_INCLUDE_IN_FRAMEWORK_HEADER = YES;
				CLANG_WARN_RANGE_LOOP_ANALYSIS = YES;
				CLANG_WARN_STRICT_PROTOTYPES = YES;
				CLANG_WARN_SUSPICIOUS_MOVE = YES;
				CLANG_WARN_UNGUARDED_AVAILABILITY = YES_AGGRESSIVE;
				CLANG_WARN_UNREACHABLE_CODE = YES;
				CLANG_WARN__DUPLICATE_METHOD_MATCH = YES;
				COPY_PHASE_STRIP = NO;
				DEBUG_INFORMATION_FORMAT = dwarf;
				ENABLE_STRICT_OBJC_MSGSEND = YES;
				ENABLE_TESTABILITY = YES;
				GCC_C_LANGUAGE_STANDARD = gnu11;
				GCC_DYNAMIC_NO_PIC = NO;
				GCC_NO_COMMON_BLOCKS = YES;
				GCC_OPTIMIZATION_LEVEL = 0;
				GCC_PREPROCESSOR_DEFINITIONS = (
					"DEBUG=1",
					"$(inherited)",
				);
				GCC_WARN_64_TO_32_BIT_CONVERSION = YES;
				GCC_WARN_ABOUT_RETURN_TYPE = YES_ERROR;
				GCC_WARN_UNDECLARED_SELECTOR = YES;
				GCC_WARN_UNINITIALIZED_AUTOS = YES_AGGRESSIVE;
				GCC_WARN_UNUSED_FUNCTION = YES;
				GCC_WARN_UNUSED_VARIABLE = YES;
				IPHONEOS_DEPLOYMENT_TARGET = 14.4;
				MTL_ENABLE_DEBUG_INFO = INCLUDE_SOURCE;
				MTL_FAST_MATH = YES;
				ONLY_ACTIVE_ARCH = YES;
				SDKROOT = iphoneos;
				SWIFT_ACTIVE_COMPILATION_CONDITIONS = DEBUG;
				SWIFT_OPTIMIZATION_LEVEL = "-Onone";
			};
			name = Debug;
		};
		2DD544FD26E12DB000262BDA /* Release */ = {
			isa = XCBuildConfiguration;
			buildSettings = {
				ALWAYS_SEARCH_USER_PATHS = NO;
				CLANG_ANALYZER_NONNULL = YES;
				CLANG_ANALYZER_NUMBER_OBJECT_CONVERSION = YES_AGGRESSIVE;
				CLANG_CXX_LANGUAGE_STANDARD = "gnu++14";
				CLANG_CXX_LIBRARY = "libc++";
				CLANG_ENABLE_MODULES = YES;
				CLANG_ENABLE_OBJC_ARC = YES;
				CLANG_ENABLE_OBJC_WEAK = YES;
				CLANG_WARN_BLOCK_CAPTURE_AUTORELEASING = YES;
				CLANG_WARN_BOOL_CONVERSION = YES;
				CLANG_WARN_COMMA = YES;
				CLANG_WARN_CONSTANT_CONVERSION = YES;
				CLANG_WARN_DEPRECATED_OBJC_IMPLEMENTATIONS = YES;
				CLANG_WARN_DIRECT_OBJC_ISA_USAGE = YES_ERROR;
				CLANG_WARN_DOCUMENTATION_COMMENTS = YES;
				CLANG_WARN_EMPTY_BODY = YES;
				CLANG_WARN_ENUM_CONVERSION = YES;
				CLANG_WARN_INFINITE_RECURSION = YES;
				CLANG_WARN_INT_CONVERSION = YES;
				CLANG_WARN_NON_LITERAL_NULL_CONVERSION = YES;
				CLANG_WARN_OBJC_IMPLICIT_RETAIN_SELF = YES;
				CLANG_WARN_OBJC_LITERAL_CONVERSION = YES;
				CLANG_WARN_OBJC_ROOT_CLASS = YES_ERROR;
				CLANG_WARN_QUOTED_INCLUDE_IN_FRAMEWORK_HEADER = YES;
				CLANG_WARN_RANGE_LOOP_ANALYSIS = YES;
				CLANG_WARN_STRICT_PROTOTYPES = YES;
				CLANG_WARN_SUSPICIOUS_MOVE = YES;
				CLANG_WARN_UNGUARDED_AVAILABILITY = YES_AGGRESSIVE;
				CLANG_WARN_UNREACHABLE_CODE = YES;
				CLANG_WARN__DUPLICATE_METHOD_MATCH = YES;
				COPY_PHASE_STRIP = NO;
				DEBUG_INFORMATION_FORMAT = "dwarf-with-dsym";
				ENABLE_NS_ASSERTIONS = NO;
				ENABLE_STRICT_OBJC_MSGSEND = YES;
				GCC_C_LANGUAGE_STANDARD = gnu11;
				GCC_NO_COMMON_BLOCKS = YES;
				GCC_WARN_64_TO_32_BIT_CONVERSION = YES;
				GCC_WARN_ABOUT_RETURN_TYPE = YES_ERROR;
				GCC_WARN_UNDECLARED_SELECTOR = YES;
				GCC_WARN_UNINITIALIZED_AUTOS = YES_AGGRESSIVE;
				GCC_WARN_UNUSED_FUNCTION = YES;
				GCC_WARN_UNUSED_VARIABLE = YES;
				IPHONEOS_DEPLOYMENT_TARGET = 14.4;
				MTL_ENABLE_DEBUG_INFO = NO;
				MTL_FAST_MATH = YES;
				SDKROOT = iphoneos;
				SWIFT_COMPILATION_MODE = wholemodule;
				SWIFT_OPTIMIZATION_LEVEL = "-O";
				VALIDATE_PRODUCT = YES;
			};
			name = Release;
		};
		2DD544FF26E12DB000262BDA /* Debug */ = {
			isa = XCBuildConfiguration;
			baseConfigurationReference = 569EFC60A481ABCD89AEB4AB /* Pods-RickAndMorty.debug.xcconfig */;
			buildSettings = {
				ASSETCATALOG_COMPILER_APPICON_NAME = AppIcon;
				ASSETCATALOG_COMPILER_GLOBAL_ACCENT_COLOR_NAME = AccentColor;
				CODE_SIGN_STYLE = Automatic;
				DEVELOPMENT_TEAM = 974DWU28RL;
				INFOPLIST_FILE = RickAndMorty/Info.plist;
				LD_RUNPATH_SEARCH_PATHS = (
					"$(inherited)",
					"@executable_path/Frameworks",
				);
				PRODUCT_BUNDLE_IDENTIFIER = ru.7se7olod.RickAndMorty;
				PRODUCT_NAME = "$(TARGET_NAME)";
				SWIFT_VERSION = 5.0;
				TARGETED_DEVICE_FAMILY = 1;
			};
			name = Debug;
		};
		2DD5450026E12DB000262BDA /* Release */ = {
			isa = XCBuildConfiguration;
			baseConfigurationReference = D0937E0419D07697A4841A8F /* Pods-RickAndMorty.release.xcconfig */;
			buildSettings = {
				ASSETCATALOG_COMPILER_APPICON_NAME = AppIcon;
				ASSETCATALOG_COMPILER_GLOBAL_ACCENT_COLOR_NAME = AccentColor;
				CODE_SIGN_STYLE = Automatic;
				DEVELOPMENT_TEAM = 974DWU28RL;
				INFOPLIST_FILE = RickAndMorty/Info.plist;
				LD_RUNPATH_SEARCH_PATHS = (
					"$(inherited)",
					"@executable_path/Frameworks",
				);
				PRODUCT_BUNDLE_IDENTIFIER = ru.7se7olod.RickAndMorty;
				PRODUCT_NAME = "$(TARGET_NAME)";
				SWIFT_VERSION = 5.0;
				TARGETED_DEVICE_FAMILY = 1;
			};
			name = Release;
		};
/* End XCBuildConfiguration section */

/* Begin XCConfigurationList section */
		2DD544E226E12DAB00262BDA /* Build configuration list for PBXProject "RickAndMorty" */ = {
			isa = XCConfigurationList;
			buildConfigurations = (
				2DD544FC26E12DB000262BDA /* Debug */,
				2DD544FD26E12DB000262BDA /* Release */,
			);
			defaultConfigurationIsVisible = 0;
			defaultConfigurationName = Release;
		};
		2DD544FE26E12DB000262BDA /* Build configuration list for PBXNativeTarget "RickAndMorty" */ = {
			isa = XCConfigurationList;
			buildConfigurations = (
				2DD544FF26E12DB000262BDA /* Debug */,
				2DD5450026E12DB000262BDA /* Release */,
			);
			defaultConfigurationIsVisible = 0;
			defaultConfigurationName = Release;
		};
/* End XCConfigurationList section */

/* Begin XCVersionGroup section */
		2DD544F326E12DAB00262BDA /* RickAndMorty.xcdatamodeld */ = {
			isa = XCVersionGroup;
			children = (
				2DD544F426E12DAB00262BDA /* RickAndMorty.xcdatamodel */,
			);
			currentVersion = 2DD544F426E12DAB00262BDA /* RickAndMorty.xcdatamodel */;
			path = RickAndMorty.xcdatamodeld;
			sourceTree = "<group>";
			versionGroupType = wrapper.xcdatamodel;
		};
/* End XCVersionGroup section */
	};
	rootObject = 2DD544DF26E12DAB00262BDA /* Project object */;
}
